
Microsoft Visual Studio Solution File, Format Version 12.00
# Visual Studio Version 17
VisualStudioVersion = 17.2.32602.215
MinimumVisualStudioVersion = 10.0.40219.1
Project("{9A19103F-16F7-4668-BE54-9A1E7A4F7556}") = "Lombiq.OrchardCoreApiClient", "Lombiq.OrchardCoreApiClient.csproj", "{C49D7609-C337-4F2A-9008-2A442E4C5548}"
EndProject
Global
	GlobalSection(SolutionConfigurationPlatforms) = preSolution
		Debug|Any CPU = Debug|Any CPU
		Release|Any CPU = Release|Any CPU
	EndGlobalSection
	GlobalSection(ProjectConfigurationPlatforms) = postSolution
		{C49D7609-C337-4F2A-9008-2A442E4C5548}.Debug|Any CPU.ActiveCfg = Debug|Any CPU
		{C49D7609-C337-4F2A-9008-2A442E4C5548}.Debug|Any CPU.Build.0 = Debug|Any CPU
		{C49D7609-C337-4F2A-9008-2A442E4C5548}.Release|Any CPU.ActiveCfg = Release|Any CPU
		{C49D7609-C337-4F2A-9008-2A442E4C5548}.Release|Any CPU.Build.0 = Release|Any CPU
	EndGlobalSection
	GlobalSection(SolutionProperties) = preSolution
		HideSolutionNode = FALSE
	EndGlobalSection
	GlobalSection(ExtensibilityGlobals) = postSolution
		SolutionGuid = {A1E1A469-6392-40A7-A75B-BEF0C6EB0574}
	EndGlobalSection
EndGlobal
